// !$*UTF8*$!
{
	archiveVersion = 1;
	classes = {
	};
	objectVersion = 55;
	objects = {

/* Begin PBXBuildFile section */
		ECF2E2E42904613A00544472 /* Tests_iOS.swift in Sources */ = {isa = PBXBuildFile; fileRef = ECF2E2E32904613A00544472 /* Tests_iOS.swift */; };
		ECF2E2E62904613A00544472 /* Tests_iOSLaunchTests.swift in Sources */ = {isa = PBXBuildFile; fileRef = ECF2E2E52904613A00544472 /* Tests_iOSLaunchTests.swift */; };
		ECF2E2F02904613A00544472 /* Tests_macOS.swift in Sources */ = {isa = PBXBuildFile; fileRef = ECF2E2EF2904613A00544472 /* Tests_macOS.swift */; };
		ECF2E2F22904613A00544472 /* Tests_macOSLaunchTests.swift in Sources */ = {isa = PBXBuildFile; fileRef = ECF2E2F12904613A00544472 /* Tests_macOSLaunchTests.swift */; };
		ECF2E2F32904613A00544472 /* ADHD_Journal_and_SchedulingApp.swift in Sources */ = {isa = PBXBuildFile; fileRef = ECF2E2CB2904613800544472 /* ADHD_Journal_and_SchedulingApp.swift */; };
		ECF2E2F42904613A00544472 /* ADHD_Journal_and_SchedulingApp.swift in Sources */ = {isa = PBXBuildFile; fileRef = ECF2E2CB2904613800544472 /* ADHD_Journal_and_SchedulingApp.swift */; };
		ECF2E2F52904613A00544472 /* ContentView.swift in Sources */ = {isa = PBXBuildFile; fileRef = ECF2E2CC2904613800544472 /* ContentView.swift */; };
		ECF2E2F62904613A00544472 /* ContentView.swift in Sources */ = {isa = PBXBuildFile; fileRef = ECF2E2CC2904613800544472 /* ContentView.swift */; };
		ECF2E2F72904613A00544472 /* Assets.xcassets in Resources */ = {isa = PBXBuildFile; fileRef = ECF2E2CD2904613A00544472 /* Assets.xcassets */; };
		ECF2E2F82904613A00544472 /* Assets.xcassets in Resources */ = {isa = PBXBuildFile; fileRef = ECF2E2CD2904613A00544472 /* Assets.xcassets */; };
		ECF2E3092904666E00544472 /* Home.swift in Sources */ = {isa = PBXBuildFile; fileRef = ECF2E3082904666E00544472 /* Home.swift */; };
		ECF2E30A290467D700544472 /* Home.swift in Sources */ = {isa = PBXBuildFile; fileRef = ECF2E3082904666E00544472 /* Home.swift */; };
/* End PBXBuildFile section */

/* Begin PBXContainerItemProxy section */
		ECF2E2E02904613A00544472 /* PBXContainerItemProxy */ = {
			isa = PBXContainerItemProxy;
			containerPortal = ECF2E2C62904613700544472 /* Project object */;
			proxyType = 1;
			remoteGlobalIDString = ECF2E2D12904613A00544472;
			remoteInfo = "ADHD Journal and Scheduling (iOS)";
		};
		ECF2E2EC2904613A00544472 /* PBXContainerItemProxy */ = {
			isa = PBXContainerItemProxy;
			containerPortal = ECF2E2C62904613700544472 /* Project object */;
			proxyType = 1;
			remoteGlobalIDString = ECF2E2D72904613A00544472;
			remoteInfo = "ADHD Journal and Scheduling (macOS)";
		};
/* End PBXContainerItemProxy section */

/* Begin PBXFileReference section */
		ECF2E2CB2904613800544472 /* ADHD_Journal_and_SchedulingApp.swift */ = {isa = PBXFileReference; lastKnownFileType = sourcecode.swift; path = ADHD_Journal_and_SchedulingApp.swift; sourceTree = "<group>"; };
		ECF2E2CC2904613800544472 /* ContentView.swift */ = {isa = PBXFileReference; lastKnownFileType = sourcecode.swift; path = ContentView.swift; sourceTree = "<group>"; };
		ECF2E2CD2904613A00544472 /* Assets.xcassets */ = {isa = PBXFileReference; lastKnownFileType = folder.assetcatalog; path = Assets.xcassets; sourceTree = "<group>"; };
		ECF2E2D22904613A00544472 /* ADHD Journal and Scheduling.app */ = {isa = PBXFileReference; explicitFileType = wrapper.application; includeInIndex = 0; path = "ADHD Journal and Scheduling.app"; sourceTree = BUILT_PRODUCTS_DIR; };
		ECF2E2D82904613A00544472 /* ADHD Journal and Scheduling.app */ = {isa = PBXFileReference; explicitFileType = wrapper.application; includeInIndex = 0; path = "ADHD Journal and Scheduling.app"; sourceTree = BUILT_PRODUCTS_DIR; };
		ECF2E2DA2904613A00544472 /* macOS.entitlements */ = {isa = PBXFileReference; lastKnownFileType = text.plist.entitlements; path = macOS.entitlements; sourceTree = "<group>"; };
		ECF2E2DF2904613A00544472 /* Tests iOS.xctest */ = {isa = PBXFileReference; explicitFileType = wrapper.cfbundle; includeInIndex = 0; path = "Tests iOS.xctest"; sourceTree = BUILT_PRODUCTS_DIR; };
		ECF2E2E32904613A00544472 /* Tests_iOS.swift */ = {isa = PBXFileReference; lastKnownFileType = sourcecode.swift; path = Tests_iOS.swift; sourceTree = "<group>"; };
		ECF2E2E52904613A00544472 /* Tests_iOSLaunchTests.swift */ = {isa = PBXFileReference; lastKnownFileType = sourcecode.swift; path = Tests_iOSLaunchTests.swift; sourceTree = "<group>"; };
		ECF2E2EB2904613A00544472 /* Tests macOS.xctest */ = {isa = PBXFileReference; explicitFileType = wrapper.cfbundle; includeInIndex = 0; path = "Tests macOS.xctest"; sourceTree = BUILT_PRODUCTS_DIR; };
		ECF2E2EF2904613A00544472 /* Tests_macOS.swift */ = {isa = PBXFileReference; lastKnownFileType = sourcecode.swift; path = Tests_macOS.swift; sourceTree = "<group>"; };
		ECF2E2F12904613A00544472 /* Tests_macOSLaunchTests.swift */ = {isa = PBXFileReference; lastKnownFileType = sourcecode.swift; path = Tests_macOSLaunchTests.swift; sourceTree = "<group>"; };
		ECF2E3082904666E00544472 /* Home.swift */ = {isa = PBXFileReference; lastKnownFileType = sourcecode.swift; path = Home.swift; sourceTree = "<group>"; };
/* End PBXFileReference section */

/* Begin PBXFrameworksBuildPhase section */
		ECF2E2CF2904613A00544472 /* Frameworks */ = {
			isa = PBXFrameworksBuildPhase;
			buildActionMask = 2147483647;
			files = (
			);
			runOnlyForDeploymentPostprocessing = 0;
		};
		ECF2E2D52904613A00544472 /* Frameworks */ = {
			isa = PBXFrameworksBuildPhase;
			buildActionMask = 2147483647;
			files = (
			);
			runOnlyForDeploymentPostprocessing = 0;
		};
		ECF2E2DC2904613A00544472 /* Frameworks */ = {
			isa = PBXFrameworksBuildPhase;
			buildActionMask = 2147483647;
			files = (
			);
			runOnlyForDeploymentPostprocessing = 0;
		};
		ECF2E2E82904613A00544472 /* Frameworks */ = {
			isa = PBXFrameworksBuildPhase;
			buildActionMask = 2147483647;
			files = (
			);
			runOnlyForDeploymentPostprocessing = 0;
		};
/* End PBXFrameworksBuildPhase section */

/* Begin PBXGroup section */
		ECF2E2C52904613700544472 = {
			isa = PBXGroup;
			children = (
				ECF2E2CA2904613800544472 /* Shared */,
				ECF2E2D92904613A00544472 /* macOS */,
				ECF2E2E22904613A00544472 /* Tests iOS */,
				ECF2E2EE2904613A00544472 /* Tests macOS */,
				ECF2E2D32904613A00544472 /* Products */,
			);
			sourceTree = "<group>";
		};
		ECF2E2CA2904613800544472 /* Shared */ = {
			isa = PBXGroup;
			children = (
				ECF2E3072904662E00544472 /* View */,
				ECF2E2CB2904613800544472 /* ADHD_Journal_and_SchedulingApp.swift */,
				ECF2E2CC2904613800544472 /* ContentView.swift */,
				ECF2E2CD2904613A00544472 /* Assets.xcassets */,
			);
			path = Shared;
			sourceTree = "<group>";
		};
		ECF2E2D32904613A00544472 /* Products */ = {
			isa = PBXGroup;
			children = (
				ECF2E2D22904613A00544472 /* ADHD Journal and Scheduling.app */,
				ECF2E2D82904613A00544472 /* ADHD Journal and Scheduling.app */,
				ECF2E2DF2904613A00544472 /* Tests iOS.xctest */,
				ECF2E2EB2904613A00544472 /* Tests macOS.xctest */,
			);
			name = Products;
			sourceTree = "<group>";
		};
		ECF2E2D92904613A00544472 /* macOS */ = {
			isa = PBXGroup;
			children = (
				ECF2E2DA2904613A00544472 /* macOS.entitlements */,
			);
			path = macOS;
			sourceTree = "<group>";
		};
		ECF2E2E22904613A00544472 /* Tests iOS */ = {
			isa = PBXGroup;
			children = (
				ECF2E2E32904613A00544472 /* Tests_iOS.swift */,
				ECF2E2E52904613A00544472 /* Tests_iOSLaunchTests.swift */,
			);
			path = "Tests iOS";
			sourceTree = "<group>";
		};
		ECF2E2EE2904613A00544472 /* Tests macOS */ = {
			isa = PBXGroup;
			children = (
				ECF2E2EF2904613A00544472 /* Tests_macOS.swift */,
				ECF2E2F12904613A00544472 /* Tests_macOSLaunchTests.swift */,
			);
			path = "Tests macOS";
			sourceTree = "<group>";
		};
		ECF2E3072904662E00544472 /* View */ = {
			isa = PBXGroup;
			children = (
				ECF2E3082904666E00544472 /* Home.swift */,
			);
			path = View;
			sourceTree = "<group>";
		};
/* End PBXGroup section */

/* Begin PBXNativeTarget section */
		ECF2E2D12904613A00544472 /* ADHD Journal and Scheduling (iOS) */ = {
			isa = PBXNativeTarget;
			buildConfigurationList = ECF2E2FB2904613A00544472 /* Build configuration list for PBXNativeTarget "ADHD Journal and Scheduling (iOS)" */;
			buildPhases = (
				ECF2E2CE2904613A00544472 /* Sources */,
				ECF2E2CF2904613A00544472 /* Frameworks */,
				ECF2E2D02904613A00544472 /* Resources */,
			);
			buildRules = (
			);
			dependencies = (
			);
			name = "ADHD Journal and Scheduling (iOS)";
			productName = "ADHD Journal and Scheduling (iOS)";
			productReference = ECF2E2D22904613A00544472 /* ADHD Journal and Scheduling.app */;
			productType = "com.apple.product-type.application";
		};
		ECF2E2D72904613A00544472 /* ADHD Journal and Scheduling (macOS) */ = {
			isa = PBXNativeTarget;
			buildConfigurationList = ECF2E2FE2904613A00544472 /* Build configuration list for PBXNativeTarget "ADHD Journal and Scheduling (macOS)" */;
			buildPhases = (
				ECF2E2D42904613A00544472 /* Sources */,
				ECF2E2D52904613A00544472 /* Frameworks */,
				ECF2E2D62904613A00544472 /* Resources */,
			);
			buildRules = (
			);
			dependencies = (
			);
			name = "ADHD Journal and Scheduling (macOS)";
			productName = "ADHD Journal and Scheduling (macOS)";
			productReference = ECF2E2D82904613A00544472 /* ADHD Journal and Scheduling.app */;
			productType = "com.apple.product-type.application";
		};
		ECF2E2DE2904613A00544472 /* Tests iOS */ = {
			isa = PBXNativeTarget;
			buildConfigurationList = ECF2E3012904613A00544472 /* Build configuration list for PBXNativeTarget "Tests iOS" */;
			buildPhases = (
				ECF2E2DB2904613A00544472 /* Sources */,
				ECF2E2DC2904613A00544472 /* Frameworks */,
				ECF2E2DD2904613A00544472 /* Resources */,
			);
			buildRules = (
			);
			dependencies = (
				ECF2E2E12904613A00544472 /* PBXTargetDependency */,
			);
			name = "Tests iOS";
			productName = "Tests iOS";
			productReference = ECF2E2DF2904613A00544472 /* Tests iOS.xctest */;
			productType = "com.apple.product-type.bundle.ui-testing";
		};
		ECF2E2EA2904613A00544472 /* Tests macOS */ = {
			isa = PBXNativeTarget;
			buildConfigurationList = ECF2E3042904613A00544472 /* Build configuration list for PBXNativeTarget "Tests macOS" */;
			buildPhases = (
				ECF2E2E72904613A00544472 /* Sources */,
				ECF2E2E82904613A00544472 /* Frameworks */,
				ECF2E2E92904613A00544472 /* Resources */,
			);
			buildRules = (
			);
			dependencies = (
				ECF2E2ED2904613A00544472 /* PBXTargetDependency */,
			);
			name = "Tests macOS";
			productName = "Tests macOS";
			productReference = ECF2E2EB2904613A00544472 /* Tests macOS.xctest */;
			productType = "com.apple.product-type.bundle.ui-testing";
		};
/* End PBXNativeTarget section */

/* Begin PBXProject section */
		ECF2E2C62904613700544472 /* Project object */ = {
			isa = PBXProject;
			attributes = {
				BuildIndependentTargetsInParallel = 1;
				LastSwiftUpdateCheck = 1340;
				LastUpgradeCheck = 1340;
				TargetAttributes = {
					ECF2E2D12904613A00544472 = {
						CreatedOnToolsVersion = 13.4.1;
					};
					ECF2E2D72904613A00544472 = {
						CreatedOnToolsVersion = 13.4.1;
					};
					ECF2E2DE2904613A00544472 = {
						CreatedOnToolsVersion = 13.4.1;
						TestTargetID = ECF2E2D12904613A00544472;
					};
					ECF2E2EA2904613A00544472 = {
						CreatedOnToolsVersion = 13.4.1;
						TestTargetID = ECF2E2D72904613A00544472;
					};
				};
			};
			buildConfigurationList = ECF2E2C92904613700544472 /* Build configuration list for PBXProject "ADHD Journal and Scheduling" */;
			compatibilityVersion = "Xcode 13.0";
			developmentRegion = en;
			hasScannedForEncodings = 0;
			knownRegions = (
				en,
				Base,
			);
			mainGroup = ECF2E2C52904613700544472;
			productRefGroup = ECF2E2D32904613A00544472 /* Products */;
			projectDirPath = "";
			projectRoot = "";
			targets = (
				ECF2E2D12904613A00544472 /* ADHD Journal and Scheduling (iOS) */,
				ECF2E2D72904613A00544472 /* ADHD Journal and Scheduling (macOS) */,
				ECF2E2DE2904613A00544472 /* Tests iOS */,
				ECF2E2EA2904613A00544472 /* Tests macOS */,
			);
		};
/* End PBXProject section */

/* Begin PBXResourcesBuildPhase section */
		ECF2E2D02904613A00544472 /* Resources */ = {
			isa = PBXResourcesBuildPhase;
			buildActionMask = 2147483647;
			files = (
				ECF2E2F72904613A00544472 /* Assets.xcassets in Resources */,
			);
			runOnlyForDeploymentPostprocessing = 0;
		};
		ECF2E2D62904613A00544472 /* Resources */ = {
			isa = PBXResourcesBuildPhase;
			buildActionMask = 2147483647;
			files = (
				ECF2E2F82904613A00544472 /* Assets.xcassets in Resources */,
			);
			runOnlyForDeploymentPostprocessing = 0;
		};
		ECF2E2DD2904613A00544472 /* Resources */ = {
			isa = PBXResourcesBuildPhase;
			buildActionMask = 2147483647;
			files = (
			);
			runOnlyForDeploymentPostprocessing = 0;
		};
		ECF2E2E92904613A00544472 /* Resources */ = {
			isa = PBXResourcesBuildPhase;
			buildActionMask = 2147483647;
			files = (
			);
			runOnlyForDeploymentPostprocessing = 0;
		};
/* End PBXResourcesBuildPhase section */

/* Begin PBXSourcesBuildPhase section */
		ECF2E2CE2904613A00544472 /* Sources */ = {
			isa = PBXSourcesBuildPhase;
			buildActionMask = 2147483647;
			files = (
				ECF2E2F52904613A00544472 /* ContentView.swift in Sources */,
				ECF2E3092904666E00544472 /* Home.swift in Sources */,
				ECF2E2F32904613A00544472 /* ADHD_Journal_and_SchedulingApp.swift in Sources */,
			);
			runOnlyForDeploymentPostprocessing = 0;
		};
		ECF2E2D42904613A00544472 /* Sources */ = {
			isa = PBXSourcesBuildPhase;
			buildActionMask = 2147483647;
			files = (
				ECF2E2F62904613A00544472 /* ContentView.swift in Sources */,
				ECF2E30A290467D700544472 /* Home.swift in Sources */,
				ECF2E2F42904613A00544472 /* ADHD_Journal_and_SchedulingApp.swift in Sources */,
			);
			runOnlyForDeploymentPostprocessing = 0;
		};
		ECF2E2DB2904613A00544472 /* Sources */ = {
			isa = PBXSourcesBuildPhase;
			buildActionMask = 2147483647;
			files = (
				ECF2E2E62904613A00544472 /* Tests_iOSLaunchTests.swift in Sources */,
				ECF2E2E42904613A00544472 /* Tests_iOS.swift in Sources */,
			);
			runOnlyForDeploymentPostprocessing = 0;
		};
		ECF2E2E72904613A00544472 /* Sources */ = {
			isa = PBXSourcesBuildPhase;
			buildActionMask = 2147483647;
			files = (
				ECF2E2F22904613A00544472 /* Tests_macOSLaunchTests.swift in Sources */,
				ECF2E2F02904613A00544472 /* Tests_macOS.swift in Sources */,
			);
			runOnlyForDeploymentPostprocessing = 0;
		};
/* End PBXSourcesBuildPhase section */

/* Begin PBXTargetDependency section */
		ECF2E2E12904613A00544472 /* PBXTargetDependency */ = {
			isa = PBXTargetDependency;
			target = ECF2E2D12904613A00544472 /* ADHD Journal and Scheduling (iOS) */;
			targetProxy = ECF2E2E02904613A00544472 /* PBXContainerItemProxy */;
		};
		ECF2E2ED2904613A00544472 /* PBXTargetDependency */ = {
			isa = PBXTargetDependency;
			target = ECF2E2D72904613A00544472 /* ADHD Journal and Scheduling (macOS) */;
			targetProxy = ECF2E2EC2904613A00544472 /* PBXContainerItemProxy */;
		};
/* End PBXTargetDependency section */

/* Begin XCBuildConfiguration section */
		ECF2E2F92904613A00544472 /* Debug */ = {
			isa = XCBuildConfiguration;
			buildSettings = {
				ALWAYS_SEARCH_USER_PATHS = NO;
				CLANG_ANALYZER_NONNULL = YES;
				CLANG_ANALYZER_NUMBER_OBJECT_CONVERSION = YES_AGGRESSIVE;
				CLANG_CXX_LANGUAGE_STANDARD = "gnu++17";
				CLANG_ENABLE_MODULES = YES;
				CLANG_ENABLE_OBJC_ARC = YES;
				CLANG_ENABLE_OBJC_WEAK = YES;
				CLANG_WARN_BLOCK_CAPTURE_AUTORELEASING = YES;
				CLANG_WARN_BOOL_CONVERSION = YES;
				CLANG_WARN_COMMA = YES;
				CLANG_WARN_CONSTANT_CONVERSION = YES;
				CLANG_WARN_DEPRECATED_OBJC_IMPLEMENTATIONS = YES;
				CLANG_WARN_DIRECT_OBJC_ISA_USAGE = YES_ERROR;
				CLANG_WARN_DOCUMENTATION_COMMENTS = YES;
				CLANG_WARN_EMPTY_BODY = YES;
				CLANG_WARN_ENUM_CONVERSION = YES;
				CLANG_WARN_INFINITE_RECURSION = YES;
				CLANG_WARN_INT_CONVERSION = YES;
				CLANG_WARN_NON_LITERAL_NULL_CONVERSION = YES;
				CLANG_WARN_OBJC_IMPLICIT_RETAIN_SELF = YES;
				CLANG_WARN_OBJC_LITERAL_CONVERSION = YES;
				CLANG_WARN_OBJC_ROOT_CLASS = YES_ERROR;
				CLANG_WARN_QUOTED_INCLUDE_IN_FRAMEWORK_HEADER = YES;
				CLANG_WARN_RANGE_LOOP_ANALYSIS = YES;
				CLANG_WARN_STRICT_PROTOTYPES = YES;
				CLANG_WARN_SUSPICIOUS_MOVE = YES;
				CLANG_WARN_UNGUARDED_AVAILABILITY = YES_AGGRESSIVE;
				CLANG_WARN_UNREACHABLE_CODE = YES;
				CLANG_WARN__DUPLICATE_METHOD_MATCH = YES;
				COPY_PHASE_STRIP = NO;
				DEBUG_INFORMATION_FORMAT = dwarf;
				ENABLE_STRICT_OBJC_MSGSEND = YES;
				ENABLE_TESTABILITY = YES;
				GCC_C_LANGUAGE_STANDARD = gnu11;
				GCC_DYNAMIC_NO_PIC = NO;
				GCC_NO_COMMON_BLOCKS = YES;
				GCC_OPTIMIZATION_LEVEL = 0;
				GCC_PREPROCESSOR_DEFINITIONS = (
					"DEBUG=1",
					"$(inherited)",
				);
				GCC_WARN_64_TO_32_BIT_CONVERSION = YES;
				GCC_WARN_ABOUT_RETURN_TYPE = YES_ERROR;
				GCC_WARN_UNDECLARED_SELECTOR = YES;
				GCC_WARN_UNINITIALIZED_AUTOS = YES_AGGRESSIVE;
				GCC_WARN_UNUSED_FUNCTION = YES;
				GCC_WARN_UNUSED_VARIABLE = YES;
				MTL_ENABLE_DEBUG_INFO = INCLUDE_SOURCE;
				MTL_FAST_MATH = YES;
				ONLY_ACTIVE_ARCH = YES;
				SWIFT_ACTIVE_COMPILATION_CONDITIONS = DEBUG;
				SWIFT_OPTIMIZATION_LEVEL = "-Onone";
			};
			name = Debug;
		};
		ECF2E2FA2904613A00544472 /* Release */ = {
			isa = XCBuildConfiguration;
			buildSettings = {
				ALWAYS_SEARCH_USER_PATHS = NO;
				CLANG_ANALYZER_NONNULL = YES;
				CLANG_ANALYZER_NUMBER_OBJECT_CONVERSION = YES_AGGRESSIVE;
				CLANG_CXX_LANGUAGE_STANDARD = "gnu++17";
				CLANG_ENABLE_MODULES = YES;
				CLANG_ENABLE_OBJC_ARC = YES;
				CLANG_ENABLE_OBJC_WEAK = YES;
				CLANG_WARN_BLOCK_CAPTURE_AUTORELEASING = YES;
				CLANG_WARN_BOOL_CONVERSION = YES;
				CLANG_WARN_COMMA = YES;
				CLANG_WARN_CONSTANT_CONVERSION = YES;
				CLANG_WARN_DEPRECATED_OBJC_IMPLEMENTATIONS = YES;
				CLANG_WARN_DIRECT_OBJC_ISA_USAGE = YES_ERROR;
				CLANG_WARN_DOCUMENTATION_COMMENTS = YES;
				CLANG_WARN_EMPTY_BODY = YES;
				CLANG_WARN_ENUM_CONVERSION = YES;
				CLANG_WARN_INFINITE_RECURSION = YES;
				CLANG_WARN_INT_CONVERSION = YES;
				CLANG_WARN_NON_LITERAL_NULL_CONVERSION = YES;
				CLANG_WARN_OBJC_IMPLICIT_RETAIN_SELF = YES;
				CLANG_WARN_OBJC_LITERAL_CONVERSION = YES;
				CLANG_WARN_OBJC_ROOT_CLASS = YES_ERROR;
				CLANG_WARN_QUOTED_INCLUDE_IN_FRAMEWORK_HEADER = YES;
				CLANG_WARN_RANGE_LOOP_ANALYSIS = YES;
				CLANG_WARN_STRICT_PROTOTYPES = YES;
				CLANG_WARN_SUSPICIOUS_MOVE = YES;
				CLANG_WARN_UNGUARDED_AVAILABILITY = YES_AGGRESSIVE;
				CLANG_WARN_UNREACHABLE_CODE = YES;
				CLANG_WARN__DUPLICATE_METHOD_MATCH = YES;
				COPY_PHASE_STRIP = NO;
				DEBUG_INFORMATION_FORMAT = "dwarf-with-dsym";
				ENABLE_NS_ASSERTIONS = NO;
				ENABLE_STRICT_OBJC_MSGSEND = YES;
				GCC_C_LANGUAGE_STANDARD = gnu11;
				GCC_NO_COMMON_BLOCKS = YES;
				GCC_WARN_64_TO_32_BIT_CONVERSION = YES;
				GCC_WARN_ABOUT_RETURN_TYPE = YES_ERROR;
				GCC_WARN_UNDECLARED_SELECTOR = YES;
				GCC_WARN_UNINITIALIZED_AUTOS = YES_AGGRESSIVE;
				GCC_WARN_UNUSED_FUNCTION = YES;
				GCC_WARN_UNUSED_VARIABLE = YES;
				MTL_ENABLE_DEBUG_INFO = NO;
				MTL_FAST_MATH = YES;
				SWIFT_COMPILATION_MODE = wholemodule;
				SWIFT_OPTIMIZATION_LEVEL = "-O";
			};
			name = Release;
		};
		ECF2E2FC2904613A00544472 /* Debug */ = {
			isa = XCBuildConfiguration;
			buildSettings = {
				ASSETCATALOG_COMPILER_APPICON_NAME = AppIcon;
				ASSETCATALOG_COMPILER_GLOBAL_ACCENT_COLOR_NAME = AccentColor;
				CODE_SIGN_STYLE = Automatic;
				CURRENT_PROJECT_VERSION = 1;
				DEVELOPMENT_TEAM = Y9342UJ6WY;
				ENABLE_PREVIEWS = YES;
				GENERATE_INFOPLIST_FILE = YES;
				INFOPLIST_KEY_UIApplicationSceneManifest_Generation = YES;
				INFOPLIST_KEY_UIApplicationSupportsIndirectInputEvents = YES;
				INFOPLIST_KEY_UILaunchScreen_Generation = YES;
				INFOPLIST_KEY_UISupportedInterfaceOrientations = "UIInterfaceOrientationPortrait UIInterfaceOrientationLandscapeLeft UIInterfaceOrientationLandscapeRight";
				INFOPLIST_KEY_UISupportedInterfaceOrientations_iPad = "UIInterfaceOrientationPortrait UIInterfaceOrientationPortraitUpsideDown UIInterfaceOrientationLandscapeLeft UIInterfaceOrientationLandscapeRight";
				INFOPLIST_KEY_UISupportedInterfaceOrientations_iPhone = "UIInterfaceOrientationPortrait UIInterfaceOrientationLandscapeLeft UIInterfaceOrientationLandscapeRight";
				IPHONEOS_DEPLOYMENT_TARGET = 15.5;
				LD_RUNPATH_SEARCH_PATHS = (
					"$(inherited)",
					"@executable_path/Frameworks",
				);
				MARKETING_VERSION = 1.0;
				PRODUCT_BUNDLE_IDENTIFIER = "HackDuke.ADHD-Journal-and-Scheduling";
				PRODUCT_NAME = "ADHD Journal and Scheduling";
				SDKROOT = iphoneos;
				SWIFT_EMIT_LOC_STRINGS = YES;
				SWIFT_VERSION = 5.0;
				TARGETED_DEVICE_FAMILY = "1,2";
			};
			name = Debug;
		};
		ECF2E2FD2904613A00544472 /* Release */ = {
			isa = XCBuildConfiguration;
			buildSettings = {
				ASSETCATALOG_COMPILER_APPICON_NAME = AppIcon;
				ASSETCATALOG_COMPILER_GLOBAL_ACCENT_COLOR_NAME = AccentColor;
				CODE_SIGN_STYLE = Automatic;
				CURRENT_PROJECT_VERSION = 1;
				DEVELOPMENT_TEAM = Y9342UJ6WY;
				ENABLE_PREVIEWS = YES;
				GENERATE_INFOPLIST_FILE = YES;
				INFOPLIST_KEY_UIApplicationSceneManifest_Generation = YES;
				INFOPLIST_KEY_UIApplicationSupportsIndirectInputEvents = YES;
				INFOPLIST_KEY_UILaunchScreen_Generation = YES;
				INFOPLIST_KEY_UISupportedInterfaceOrientations = "UIInterfaceOrientationPortrait UIInterfaceOrientationLandscapeLeft UIInterfaceOrientationLandscapeRight";
				INFOPLIST_KEY_UISupportedInterfaceOrientations_iPad = "UIInterfaceOrientationPortrait UIInterfaceOrientationPortraitUpsideDown UIInterfaceOrientationLandscapeLeft UIInterfaceOrientationLandscapeRight";
				INFOPLIST_KEY_UISupportedInterfaceOrientations_iPhone = "UIInterfaceOrientationPortrait UIInterfaceOrientationLandscapeLeft UIInterfaceOrientationLandscapeRight";
				IPHONEOS_DEPLOYMENT_TARGET = 15.5;
				LD_RUNPATH_SEARCH_PATHS = (
					"$(inherited)",
					"@executable_path/Frameworks",
				);
				MARKETING_VERSION = 1.0;
				PRODUCT_BUNDLE_IDENTIFIER = "HackDuke.ADHD-Journal-and-Scheduling";
				PRODUCT_NAME = "ADHD Journal and Scheduling";
				SDKROOT = iphoneos;
				SWIFT_EMIT_LOC_STRINGS = YES;
				SWIFT_VERSION = 5.0;
				TARGETED_DEVICE_FAMILY = "1,2";
				VALIDATE_PRODUCT = YES;
			};
			name = Release;
		};
		ECF2E2FF2904613A00544472 /* Debug */ = {
			isa = XCBuildConfiguration;
			buildSettings = {
				ASSETCATALOG_COMPILER_APPICON_NAME = AppIcon;
				ASSETCATALOG_COMPILER_GLOBAL_ACCENT_COLOR_NAME = AccentColor;
				CODE_SIGN_ENTITLEMENTS = macOS/macOS.entitlements;
				CODE_SIGN_STYLE = Automatic;
				COMBINE_HIDPI_IMAGES = YES;
				CURRENT_PROJECT_VERSION = 1;
				DEVELOPMENT_TEAM = Y9342UJ6WY;
				ENABLE_HARDENED_RUNTIME = YES;
				ENABLE_PREVIEWS = YES;
				GENERATE_INFOPLIST_FILE = YES;
				INFOPLIST_KEY_NSHumanReadableCopyright = "";
				LD_RUNPATH_SEARCH_PATHS = (
					"$(inherited)",
					"@executable_path/../Frameworks",
				);
				MACOSX_DEPLOYMENT_TARGET = 12.3;
				MARKETING_VERSION = 1.0;
				PRODUCT_BUNDLE_IDENTIFIER = "HackDuke.ADHD-Journal-and-Scheduling";
				PRODUCT_NAME = "ADHD Journal and Scheduling";
				SDKROOT = macosx;
				SWIFT_EMIT_LOC_STRINGS = YES;
				SWIFT_VERSION = 5.0;
			};
			name = Debug;
		};
		ECF2E3002904613A00544472 /* Release */ = {
			isa = XCBuildConfiguration;
			buildSettings = {
				ASSETCATALOG_COMPILER_APPICON_NAME = AppIcon;
				ASSETCATALOG_COMPILER_GLOBAL_ACCENT_COLOR_NAME = AccentColor;
				CODE_SIGN_ENTITLEMENTS = macOS/macOS.entitlements;
				CODE_SIGN_STYLE = Automatic;
				COMBINE_HIDPI_IMAGES = YES;
				CURRENT_PROJECT_VERSION = 1;
				DEVELOPMENT_TEAM = Y9342UJ6WY;
				ENABLE_HARDENED_RUNTIME = YES;
				ENABLE_PREVIEWS = YES;
				GENERATE_INFOPLIST_FILE = YES;
				INFOPLIST_KEY_NSHumanReadableCopyright = "";
				LD_RUNPATH_SEARCH_PATHS = (
					"$(inherited)",
					"@executable_path/../Frameworks",
				);
				MACOSX_DEPLOYMENT_TARGET = 12.3;
				MARKETING_VERSION = 1.0;
				PRODUCT_BUNDLE_IDENTIFIER = "HackDuke.ADHD-Journal-and-Scheduling";
				PRODUCT_NAME = "ADHD Journal and Scheduling";
				SDKROOT = macosx;
				SWIFT_EMIT_LOC_STRINGS = YES;
				SWIFT_VERSION = 5.0;
			};
			name = Release;
		};
		ECF2E3022904613A00544472 /* Debug */ = {
			isa = XCBuildConfiguration;
			buildSettings = {
				ALWAYS_EMBED_SWIFT_STANDARD_LIBRARIES = YES;
				CODE_SIGN_STYLE = Automatic;
				CURRENT_PROJECT_VERSION = 1;
				DEVELOPMENT_TEAM = Y9342UJ6WY;
				GENERATE_INFOPLIST_FILE = YES;
				IPHONEOS_DEPLOYMENT_TARGET = 15.5;
				MARKETING_VERSION = 1.0;
				PRODUCT_BUNDLE_IDENTIFIER = "HackDuke.Tests-iOS";
				PRODUCT_NAME = "$(TARGET_NAME)";
				SDKROOT = iphoneos;
				SWIFT_EMIT_LOC_STRINGS = NO;
				SWIFT_VERSION = 5.0;
				TARGETED_DEVICE_FAMILY = "1,2";
				TEST_TARGET_NAME = "ADHD Journal and Scheduling (iOS)";
			};
			name = Debug;
		};
		ECF2E3032904613A00544472 /* Release */ = {
			isa = XCBuildConfiguration;
			buildSettings = {
				ALWAYS_EMBED_SWIFT_STANDARD_LIBRARIES = YES;
				CODE_SIGN_STYLE = Automatic;
				CURRENT_PROJECT_VERSION = 1;
				DEVELOPMENT_TEAM = Y9342UJ6WY;
				GENERATE_INFOPLIST_FILE = YES;
				IPHONEOS_DEPLOYMENT_TARGET = 15.5;
				MARKETING_VERSION = 1.0;
				PRODUCT_BUNDLE_IDENTIFIER = "HackDuke.Tests-iOS";
				PRODUCT_NAME = "$(TARGET_NAME)";
				SDKROOT = iphoneos;
				SWIFT_EMIT_LOC_STRINGS = NO;
				SWIFT_VERSION = 5.0;
				TARGETED_DEVICE_FAMILY = "1,2";
				TEST_TARGET_NAME = "ADHD Journal and Scheduling (iOS)";
				VALIDATE_PRODUCT = YES;
			};
			name = Release;
		};
		ECF2E3052904613A00544472 /* Debug */ = {
			isa = XCBuildConfiguration;
			buildSettings = {
				ALWAYS_EMBED_SWIFT_STANDARD_LIBRARIES = YES;
				CODE_SIGN_STYLE = Automatic;
				CURRENT_PROJECT_VERSION = 1;
				DEVELOPMENT_TEAM = Y9342UJ6WY;
				GENERATE_INFOPLIST_FILE = YES;
				MACOSX_DEPLOYMENT_TARGET = 12.3;
				MARKETING_VERSION = 1.0;
				PRODUCT_BUNDLE_IDENTIFIER = "HackDuke.Tests-macOS";
				PRODUCT_NAME = "$(TARGET_NAME)";
				SDKROOT = macosx;
				SWIFT_EMIT_LOC_STRINGS = NO;
				SWIFT_VERSION = 5.0;
				TEST_TARGET_NAME = "ADHD Journal and Scheduling (macOS)";
			};
			name = Debug;
		};
		ECF2E3062904613A00544472 /* Release */ = {
			isa = XCBuildConfiguration;
			buildSettings = {
				ALWAYS_EMBED_SWIFT_STANDARD_LIBRARIES = YES;
				CODE_SIGN_STYLE = Automatic;
				CURRENT_PROJECT_VERSION = 1;
				DEVELOPMENT_TEAM = Y9342UJ6WY;
				GENERATE_INFOPLIST_FILE = YES;
				MACOSX_DEPLOYMENT_TARGET = 12.3;
				MARKETING_VERSION = 1.0;
				PRODUCT_BUNDLE_IDENTIFIER = "HackDuke.Tests-macOS";
				PRODUCT_NAME = "$(TARGET_NAME)";
				SDKROOT = macosx;
				SWIFT_EMIT_LOC_STRINGS = NO;
				SWIFT_VERSION = 5.0;
				TEST_TARGET_NAME = "ADHD Journal and Scheduling (macOS)";
			};
			name = Release;
		};
/* End XCBuildConfiguration section */

/* Begin XCConfigurationList section */
		ECF2E2C92904613700544472 /* Build configuration list for PBXProject "ADHD Journal and Scheduling" */ = {
			isa = XCConfigurationList;
			buildConfigurations = (
				ECF2E2F92904613A00544472 /* Debug */,
				ECF2E2FA2904613A00544472 /* Release */,
			);
			defaultConfigurationIsVisible = 0;
			defaultConfigurationName = Release;
		};
		ECF2E2FB2904613A00544472 /* Build configuration list for PBXNativeTarget "ADHD Journal and Scheduling (iOS)" */ = {
			isa = XCConfigurationList;
			buildConfigurations = (
				ECF2E2FC2904613A00544472 /* Debug */,
				ECF2E2FD2904613A00544472 /* Release */,
			);
			defaultConfigurationIsVisible = 0;
			defaultConfigurationName = Release;
		};
		ECF2E2FE2904613A00544472 /* Build configuration list for PBXNativeTarget "ADHD Journal and Scheduling (macOS)" */ = {
			isa = XCConfigurationList;
			buildConfigurations = (
				ECF2E2FF2904613A00544472 /* Debug */,
				ECF2E3002904613A00544472 /* Release */,
			);
			defaultConfigurationIsVisible = 0;
			defaultConfigurationName = Release;
		};
		ECF2E3012904613A00544472 /* Build configuration list for PBXNativeTarget "Tests iOS" */ = {
			isa = XCConfigurationList;
			buildConfigurations = (
				ECF2E3022904613A00544472 /* Debug */,
				ECF2E3032904613A00544472 /* Release */,
			);
			defaultConfigurationIsVisible = 0;
			defaultConfigurationName = Release;
		};
		ECF2E3042904613A00544472 /* Build configuration list for PBXNativeTarget "Tests macOS" */ = {
			isa = XCConfigurationList;
			buildConfigurations = (
				ECF2E3052904613A00544472 /* Debug */,
				ECF2E3062904613A00544472 /* Release */,
			);
			defaultConfigurationIsVisible = 0;
			defaultConfigurationName = Release;
		};
/* End XCConfigurationList section */
	};
	rootObject = ECF2E2C62904613700544472 /* Project object */;
}
